// !$*UTF8*$!
{
	archiveVersion = 1;
	classes = {
	};
	objectVersion = 46;
	objects = {

/* Begin PBXBuildFile section */
		8383ED8119EE11890090183D /* AppDelegate.swift in Sources */ = {isa = PBXBuildFile; fileRef = 8383ED8019EE11890090183D /* AppDelegate.swift */; };
		8383ED8319EE11890090183D /* ViewController.swift in Sources */ = {isa = PBXBuildFile; fileRef = 8383ED8219EE11890090183D /* ViewController.swift */; };
		8383ED8619EE11890090183D /* Main.storyboard in Resources */ = {isa = PBXBuildFile; fileRef = 8383ED8419EE11890090183D /* Main.storyboard */; };
		8383ED8819EE11890090183D /* Images.xcassets in Resources */ = {isa = PBXBuildFile; fileRef = 8383ED8719EE11890090183D /* Images.xcassets */; };
		8383ED8B19EE11890090183D /* LaunchScreen.xib in Resources */ = {isa = PBXBuildFile; fileRef = 8383ED8919EE11890090183D /* LaunchScreen.xib */; };
		8383EDA319EE1F620090183D /* milky_way@3x.jpg in Resources */ = {isa = PBXBuildFile; fileRef = 8383EDA219EE1F620090183D /* milky_way@3x.jpg */; };
/* End PBXBuildFile section */

/* Begin PBXFileReference section */
		8383ED7B19EE11890090183D /* KeyboardView.app */ = {isa = PBXFileReference; explicitFileType = wrapper.application; includeInIndex = 0; path = KeyboardView.app; sourceTree = BUILT_PRODUCTS_DIR; };
		8383ED7F19EE11890090183D /* Info.plist */ = {isa = PBXFileReference; lastKnownFileType = text.plist.xml; path = Info.plist; sourceTree = "<group>"; };
		8383ED8019EE11890090183D /* AppDelegate.swift */ = {isa = PBXFileReference; lastKnownFileType = sourcecode.swift; path = AppDelegate.swift; sourceTree = "<group>"; };
		8383ED8219EE11890090183D /* ViewController.swift */ = {isa = PBXFileReference; lastKnownFileType = sourcecode.swift; path = ViewController.swift; sourceTree = "<group>"; };
		8383ED8519EE11890090183D /* Base */ = {isa = PBXFileReference; lastKnownFileType = file.storyboard; name = Base; path = Base.lproj/Main.storyboard; sourceTree = "<group>"; };
		8383ED8719EE11890090183D /* Images.xcassets */ = {isa = PBXFileReference; lastKnownFileType = folder.assetcatalog; path = Images.xcassets; sourceTree = "<group>"; };
		8383ED8A19EE11890090183D /* Base */ = {isa = PBXFileReference; lastKnownFileType = file.xib; name = Base; path = Base.lproj/LaunchScreen.xib; sourceTree = "<group>"; };
		8383EDA219EE1F620090183D /* milky_way@3x.jpg */ = {isa = PBXFileReference; lastKnownFileType = image.jpeg; path = "milky_way@3x.jpg"; sourceTree = "<group>"; };
/* End PBXFileReference section */

/* Begin PBXFrameworksBuildPhase section */
		8383ED7819EE11890090183D /* Frameworks */ = {
			isa = PBXFrameworksBuildPhase;
			buildActionMask = 2147483647;
			files = (
			);
			runOnlyForDeploymentPostprocessing = 0;
		};
/* End PBXFrameworksBuildPhase section */

/* Begin PBXGroup section */
		8383ED7219EE11890090183D = {
			isa = PBXGroup;
			children = (
				8383ED7D19EE11890090183D /* KeyboardView */,
				8383ED7C19EE11890090183D /* Products */,
			);
			sourceTree = "<group>";
		};
		8383ED7C19EE11890090183D /* Products */ = {
			isa = PBXGroup;
			children = (
				8383ED7B19EE11890090183D /* KeyboardView.app */,
			);
			name = Products;
			sourceTree = "<group>";
		};
		8383ED7D19EE11890090183D /* KeyboardView */ = {
			isa = PBXGroup;
			children = (
				8383ED8019EE11890090183D /* AppDelegate.swift */,
				8383ED8219EE11890090183D /* ViewController.swift */,
				8383ED8419EE11890090183D /* Main.storyboard */,
				8383ED8719EE11890090183D /* Images.xcassets */,
				8383ED8919EE11890090183D /* LaunchScreen.xib */,
				8383ED7E19EE11890090183D /* Supporting Files */,
			);
			path = KeyboardView;
			sourceTree = "<group>";
		};
		8383ED7E19EE11890090183D /* Supporting Files */ = {
			isa = PBXGroup;
			children = (
				8383EDA219EE1F620090183D /* milky_way@3x.jpg */,
				8383ED7F19EE11890090183D /* Info.plist */,
			);
			name = "Supporting Files";
			sourceTree = "<group>";
		};
/* End PBXGroup section */

/* Begin PBXNativeTarget section */
		8383ED7A19EE11890090183D /* KeyboardView */ = {
			isa = PBXNativeTarget;
			buildConfigurationList = 8383ED9A19EE11890090183D /* Build configuration list for PBXNativeTarget "KeyboardView" */;
			buildPhases = (
				8383ED7719EE11890090183D /* Sources */,
				8383ED7819EE11890090183D /* Frameworks */,
				8383ED7919EE11890090183D /* Resources */,
			);
			buildRules = (
			);
			dependencies = (
			);
			name = KeyboardView;
			productName = KeyboardView;
			productReference = 8383ED7B19EE11890090183D /* KeyboardView.app */;
			productType = "com.apple.product-type.application";
		};
/* End PBXNativeTarget section */

/* Begin PBXProject section */
		8383ED7319EE11890090183D /* Project object */ = {
			isa = PBXProject;
			attributes = {
				LastUpgradeCheck = 0600;
				ORGANIZATIONNAME = "Effortless Code";
				TargetAttributes = {
					8383ED7A19EE11890090183D = {
						CreatedOnToolsVersion = 6.0.1;
					};
				};
			};
			buildConfigurationList = 8383ED7619EE11890090183D /* Build configuration list for PBXProject "KeyboardView" */;
			compatibilityVersion = "Xcode 3.2";
			developmentRegion = English;
			hasScannedForEncodings = 0;
			knownRegions = (
				en,
				Base,
			);
			mainGroup = 8383ED7219EE11890090183D;
			productRefGroup = 8383ED7C19EE11890090183D /* Products */;
			projectDirPath = "";
			projectRoot = "";
			targets = (
				8383ED7A19EE11890090183D /* KeyboardView */,
			);
		};
/* End PBXProject section */

/* Begin PBXResourcesBuildPhase section */
		8383ED7919EE11890090183D /* Resources */ = {
			isa = PBXResourcesBuildPhase;
			buildActionMask = 2147483647;
			files = (
				8383EDA319EE1F620090183D /* milky_way@3x.jpg in Resources */,
				8383ED8619EE11890090183D /* Main.storyboard in Resources */,
				8383ED8B19EE11890090183D /* LaunchScreen.xib in Resources */,
				8383ED8819EE11890090183D /* Images.xcassets in Resources */,
			);
			runOnlyForDeploymentPostprocessing = 0;
		};
/* End PBXResourcesBuildPhase section */

/* Begin PBXSourcesBuildPhase section */
		8383ED7719EE11890090183D /* Sources */ = {
			isa = PBXSourcesBuildPhase;
			buildActionMask = 2147483647;
			files = (
				8383ED8319EE11890090183D /* ViewController.swift in Sources */,
				8383ED8119EE11890090183D /* AppDelegate.swift in Sources */,
			);
			runOnlyForDeploymentPostprocessing = 0;
		};
/* End PBXSourcesBuildPhase section */

/* Begin PBXVariantGroup section */
		8383ED8419EE11890090183D /* Main.storyboard */ = {
			isa = PBXVariantGroup;
			children = (
				8383ED8519EE11890090183D /* Base */,
			);
			name = Main.storyboard;
			sourceTree = "<group>";
		};
		8383ED8919EE11890090183D /* LaunchScreen.xib */ = {
			isa = PBXVariantGroup;
			children = (
				8383ED8A19EE11890090183D /* Base */,
			);
			name = LaunchScreen.xib;
			sourceTree = "<group>";
		};
/* End PBXVariantGroup section */

/* Begin XCBuildConfiguration section */
		8383ED9819EE11890090183D /* Debug */ = {
			isa = XCBuildConfiguration;
			buildSettings = {
				ALWAYS_SEARCH_USER_PATHS = NO;
				CLANG_CXX_LANGUAGE_STANDARD = "gnu++0x";
				CLANG_CXX_LIBRARY = "libc++";
				CLANG_ENABLE_MODULES = YES;
				CLANG_ENABLE_OBJC_ARC = YES;
				CLANG_WARN_BOOL_CONVERSION = YES;
				CLANG_WARN_CONSTANT_CONVERSION = YES;
				CLANG_WARN_DIRECT_OBJC_ISA_USAGE = YES_ERROR;
				CLANG_WARN_EMPTY_BODY = YES;
				CLANG_WARN_ENUM_CONVERSION = YES;
				CLANG_WARN_INT_CONVERSION = YES;
				CLANG_WARN_OBJC_ROOT_CLASS = YES_ERROR;
				CLANG_WARN_UNREACHABLE_CODE = YES;
				CLANG_WARN__DUPLICATE_METHOD_MATCH = YES;
				"CODE_SIGN_IDENTITY[sdk=iphoneos*]" = "iPhone Developer";
				COPY_PHASE_STRIP = NO;
				ENABLE_STRICT_OBJC_MSGSEND = YES;
				GCC_C_LANGUAGE_STANDARD = gnu99;
				GCC_DYNAMIC_NO_PIC = NO;
				GCC_OPTIMIZATION_LEVEL = 0;
				GCC_PREPROCESSOR_DEFINITIONS = (
					"DEBUG=1",
					"$(inherited)",
				);
				GCC_SYMBOLS_PRIVATE_EXTERN = NO;
				GCC_WARN_64_TO_32_BIT_CONVERSION = YES;
				GCC_WARN_ABOUT_RETURN_TYPE = YES_ERROR;
				GCC_WARN_UNDECLARED_SELECTOR = YES;
				GCC_WARN_UNINITIALIZED_AUTOS = YES_AGGRESSIVE;
				GCC_WARN_UNUSED_FUNCTION = YES;
				GCC_WARN_UNUSED_VARIABLE = YES;
				IPHONEOS_DEPLOYMENT_TARGET = 8.0;
				MTL_ENABLE_DEBUG_INFO = YES;
				ONLY_ACTIVE_ARCH = YES;
				SDKROOT = iphoneos;
				SWIFT_OPTIMIZATION_LEVEL = "-Onone";
			};
			name = Debug;
		};
		8383ED9919EE11890090183D /* Release */ = {
			isa = XCBuildConfiguration;
			buildSettings = {
				ALWAYS_SEARCH_USER_PATHS = NO;
				CLANG_CXX_LANGUAGE_STANDARD = "gnu++0x";
				CLANG_CXX_LIBRARY = "libc++";
				CLANG_ENABLE_MODULES = YES;
				CLANG_ENABLE_OBJC_ARC = YES;
				CLANG_WARN_BOOL_CONVERSION = YES;
				CLANG_WARN_CONSTANT_CONVERSION = YES;
				CLANG_WARN_DIRECT_OBJC_ISA_USAGE = YES_ERROR;
				CLANG_WARN_EMPTY_BODY = YES;
				CLANG_WARN_ENUM_CONVERSION = YES;
				CLANG_WARN_INT_CONVERSION = YES;
				CLANG_WARN_OBJC_ROOT_CLASS = YES_ERROR;
				CLANG_WARN_UNREACHABLE_CODE = YES;
				CLANG_WARN__DUPLICATE_METHOD_MATCH = YES;
				"CODE_SIGN_IDENTITY[sdk=iphoneos*]" = "iPhone Developer";
				COPY_PHASE_STRIP = YES;
				ENABLE_NS_ASSERTIONS = NO;
				ENABLE_STRICT_OBJC_MSGSEND = YES;
				GCC_C_LANGUAGE_STANDARD = gnu99;
				GCC_WARN_64_TO_32_BIT_CONVERSION = YES;
				GCC_WARN_ABOUT_RETURN_TYPE = YES_ERROR;
				GCC_WARN_UNDECLARED_SELECTOR = YES;
				GCC_WARN_UNINITIALIZED_AUTOS = YES_AGGRESSIVE;
				GCC_WARN_UNUSED_FUNCTION = YES;
				GCC_WARN_UNUSED_VARIABLE = YES;
				IPHONEOS_DEPLOYMENT_TARGET = 8.0;
				MTL_ENABLE_DEBUG_INFO = NO;
				SDKROOT = iphoneos;
				VALIDATE_PRODUCT = YES;
			};
			name = Release;
		};
		8383ED9B19EE11890090183D /* Debug */ = {
			isa = XCBuildConfiguration;
			buildSettings = {
				ASSETCATALOG_COMPILER_APPICON_NAME = AppIcon;
				INFOPLIST_FILE = KeyboardView/Info.plist;
				LD_RUNPATH_SEARCH_PATHS = "$(inherited) @executable_path/Frameworks";
				PRODUCT_NAME = "$(TARGET_NAME)";
			};
			name = Debug;
		};
		8383ED9C19EE11890090183D /* Release */ = {
			isa = XCBuildConfiguration;
			buildSettings = {
				ASSETCATALOG_COMPILER_APPICON_NAME = AppIcon;
				INFOPLIST_FILE = KeyboardView/Info.plist;
				LD_RUNPATH_SEARCH_PATHS = "$(inherited) @executable_path/Frameworks";
				PRODUCT_NAME = "$(TARGET_NAME)";
			};
			name = Release;
		};
/* End XCBuildConfiguration section */

/* Begin XCConfigurationList section */
		8383ED7619EE11890090183D /* Build configuration list for PBXProject "KeyboardView" */ = {
			isa = XCConfigurationList;
			buildConfigurations = (
				8383ED9819EE11890090183D /* Debug */,
				8383ED9919EE11890090183D /* Release */,
			);
			defaultConfigurationIsVisible = 0;
			defaultConfigurationName = Release;
		};
		8383ED9A19EE11890090183D /* Build configuration list for PBXNativeTarget "KeyboardView" */ = {
			isa = XCConfigurationList;
			buildConfigurations = (
				8383ED9B19EE11890090183D /* Debug */,
				8383ED9C19EE11890090183D /* Release */,
			);
			defaultConfigurationIsVisible = 0;
			defaultConfigurationName = Release;
		};
/* End XCConfigurationList section */
	};
	rootObject = 8383ED7319EE11890090183D /* Project object */;
}
